
Microsoft Visual Studio Solution File, Format Version 10.00
# Visual Studio 2008
Project("{8BC9CEB8-8B4A-11D0-8D11-00A0C91BC942}") = "2048", "src\2048qt4\2048qt4.vcproj", "{76BCF2D0-A354-48D5-906A-CF56FC915144}"
EndProject
Global
	GlobalSection(SolutionConfigurationPlatforms) = preSolution
		Debug|Win32 = Debug|Win32
		Debug|x64 = Debug|x64
		Release|Win32 = Release|Win32
		Release|x64 = Release|x64
	EndGlobalSection
	GlobalSection(ProjectConfigurationPlatforms) = postSolution
		{76BCF2D0-A354-48D5-906A-CF56FC915144}.Debug|Win32.ActiveCfg = Debug|Win32
		{76BCF2D0-A354-48D5-906A-CF56FC915144}.Debug|Win32.Build.0 = Debug|Win32
		{76BCF2D0-A354-48D5-906A-CF56FC915144}.Debug|x64.ActiveCfg = Debug|x64
		{76BCF2D0-A354-48D5-906A-CF56FC915144}.Release|Win32.ActiveCfg = Release|Win32
		{76BCF2D0-A354-48D5-906A-CF56FC915144}.Release|Win32.Build.0 = Release|Win32
		{76BCF2D0-A354-48D5-906A-CF56FC915144}.Release|x64.ActiveCfg = Release|x64
	EndGlobalSection
	GlobalSection(SolutionProperties) = preSolution
		HideSolutionNode = FALSE
	EndGlobalSection
EndGlobal
